
Microsoft Visual Studio Solution File, Format Version 12.00
# Visual Studio 14
VisualStudioVersion = 14.0.25420.1
MinimumVisualStudioVersion = 10.0.40219.1
Project("{8BB2217D-0F2D-49D1-97BC-3654ED321F3B}") = "ca_proto", "ca_proto\ca_proto.xproj", "{6374F677-3CE8-46D3-A78D-1920980A8A70}"
EndProject
Project("{8BB2217D-0F2D-49D1-97BC-3654ED321F3B}") = "ca_service", "ca_service\ca_service.xproj", "{78981ABB-A5B9-4792-A091-10E24C51D811}"
EndProject
Global
	GlobalSection(SolutionConfigurationPlatforms) = preSolution
		Debug|Any CPU = Debug|Any CPU
		Release|Any CPU = Release|Any CPU
	EndGlobalSection
	GlobalSection(ProjectConfigurationPlatforms) = postSolution
		{6374F677-3CE8-46D3-A78D-1920980A8A70}.Debug|Any CPU.ActiveCfg = Debug|Any CPU
		{6374F677-3CE8-46D3-A78D-1920980A8A70}.Debug|Any CPU.Build.0 = Debug|Any CPU
		{6374F677-3CE8-46D3-A78D-1920980A8A70}.Release|Any CPU.ActiveCfg = Release|Any CPU
		{6374F677-3CE8-46D3-A78D-1920980A8A70}.Release|Any CPU.Build.0 = Release|Any CPU
		{78981ABB-A5B9-4792-A091-10E24C51D811}.Debug|Any CPU.ActiveCfg = Debug|Any CPU
		{78981ABB-A5B9-4792-A091-10E24C51D811}.Debug|Any CPU.Build.0 = Debug|Any CPU
		{78981ABB-A5B9-4792-A091-10E24C51D811}.Release|Any CPU.ActiveCfg = Release|Any CPU
		{78981ABB-A5B9-4792-A091-10E24C51D811}.Release|Any CPU.Build.0 = Release|Any CPU
	EndGlobalSection
	GlobalSection(SolutionProperties) = preSolution
		HideSolutionNode = FALSE
	EndGlobalSection
EndGlobal
