
Microsoft Visual Studio Solution File, Format Version 12.00
# Visual Studio 14
VisualStudioVersion = 14.0.25420.1
MinimumVisualStudioVersion = 10.0.40219.1
Project("{2150E333-8FDC-42A3-9474-1A3956D46DE8}") = "src", "src", "{668F24DE-938C-4C52-898A-28EA65D954FA}"
EndProject
Project("{2150E333-8FDC-42A3-9474-1A3956D46DE8}") = "Solution Items", "Solution Items", "{778AEB10-A749-4A35-A8F7-C50619643034}"
	ProjectSection(SolutionItems) = preProject
		global.json = global.json
	EndProjectSection
EndProject
Project("{8BB2217D-0F2D-49D1-97BC-3654ED321F3B}") = "CsvFixer", "src\CsvFixer\CsvFixer.xproj", "{9D5D4154-85B4-4369-899A-9421B72424A2}"
EndProject
Global
	GlobalSection(SolutionConfigurationPlatforms) = preSolution
		Debug|Any CPU = Debug|Any CPU
		Release|Any CPU = Release|Any CPU
	EndGlobalSection
	GlobalSection(ProjectConfigurationPlatforms) = postSolution
		{9D5D4154-85B4-4369-899A-9421B72424A2}.Debug|Any CPU.ActiveCfg = Debug|Any CPU
		{9D5D4154-85B4-4369-899A-9421B72424A2}.Debug|Any CPU.Build.0 = Debug|Any CPU
		{9D5D4154-85B4-4369-899A-9421B72424A2}.Release|Any CPU.ActiveCfg = Release|Any CPU
		{9D5D4154-85B4-4369-899A-9421B72424A2}.Release|Any CPU.Build.0 = Release|Any CPU
	EndGlobalSection
	GlobalSection(SolutionProperties) = preSolution
		HideSolutionNode = FALSE
	EndGlobalSection
	GlobalSection(NestedProjects) = preSolution
		{9D5D4154-85B4-4369-899A-9421B72424A2} = {668F24DE-938C-4C52-898A-28EA65D954FA}
	EndGlobalSection
EndGlobal
